
Microsoft Visual Studio Solution File, Format Version 12.00
# Visual Studio Version 16
VisualStudioVersion = 16.0.30711.63
MinimumVisualStudioVersion = 10.0.40219.1
Project("{9A19103F-16F7-4668-BE54-9A1E7A4F7556}") = "ApiDoctolib", "ApiDoctolib\ApiDoctolib.csproj", "{38F04B54-2D75-4349-AF7E-0D3AA4D9BF80}"
EndProject
Project("{FAE04EC0-301F-11D3-BF4B-00C04F79EFBC}") = "ApiDoctolibFirst", "ApiDoctolibFirst\ApiDoctolibFirst.csproj", "{10784F60-0476-403B-AEEA-D5F8752A9209}"
EndProject
Global
	GlobalSection(SolutionConfigurationPlatforms) = preSolution
		Debug|Any CPU = Debug|Any CPU
		Release|Any CPU = Release|Any CPU
	EndGlobalSection
	GlobalSection(ProjectConfigurationPlatforms) = postSolution
		{38F04B54-2D75-4349-AF7E-0D3AA4D9BF80}.Debug|Any CPU.ActiveCfg = Debug|Any CPU
		{38F04B54-2D75-4349-AF7E-0D3AA4D9BF80}.Debug|Any CPU.Build.0 = Debug|Any CPU
		{38F04B54-2D75-4349-AF7E-0D3AA4D9BF80}.Release|Any CPU.ActiveCfg = Release|Any CPU
		{38F04B54-2D75-4349-AF7E-0D3AA4D9BF80}.Release|Any CPU.Build.0 = Release|Any CPU
		{10784F60-0476-403B-AEEA-D5F8752A9209}.Debug|Any CPU.ActiveCfg = Debug|Any CPU
		{10784F60-0476-403B-AEEA-D5F8752A9209}.Debug|Any CPU.Build.0 = Debug|Any CPU
		{10784F60-0476-403B-AEEA-D5F8752A9209}.Release|Any CPU.ActiveCfg = Release|Any CPU
		{10784F60-0476-403B-AEEA-D5F8752A9209}.Release|Any CPU.Build.0 = Release|Any CPU
	EndGlobalSection
	GlobalSection(SolutionProperties) = preSolution
		HideSolutionNode = FALSE
	EndGlobalSection
	GlobalSection(ExtensibilityGlobals) = postSolution
		SolutionGuid = {09A309CA-E93F-4590-9E92-24B64E5AC657}
	EndGlobalSection
EndGlobal
